# This file is automatically @generated by Cargo.
# It is not intended for manual editing.
version = 3

[[package]]
name = "collection_ex"
version = "0.1.0"
dependencies = [
 "wildmatch",
]

[[package]]
name = "wildmatch"
version = "2.1.1"
source = "registry+https://github.com/rust-lang/crates.io-index"
checksum = "ee583bdc5ff1cf9db20e9db5bb3ff4c3089a8f6b8b31aff265c9aba85812db86"
